
Microsoft Visual Studio Solution File, Format Version 12.00
# Visual Studio Version 16
VisualStudioVersion = 16.0.30011.22
MinimumVisualStudioVersion = 10.0.40219.1
Project("{FAE04EC0-301F-11D3-BF4B-00C04F79EFBC}") = "Coworking", "Coworking\Coworking.csproj", "{1BF0D52C-1A50-452E-BE2B-B2E718B619B4}"
EndProject
Project("{2150E333-8FDC-42A3-9474-1A3956D46DE8}") = "1. Layers", "1. Layers", "{DB951205-59D1-4FBE-85EA-FB43F74304B6}"
EndProject
Project("{2150E333-8FDC-42A3-9474-1A3956D46DE8}") = "1.1 Distributed Services", "1.1 Distributed Services", "{7C067286-1446-4EED-9AE9-A1B30DFE86EA}"
EndProject
Project("{2150E333-8FDC-42A3-9474-1A3956D46DE8}") = "1.2 Aplication o Service", "1.2 Aplication o Service", "{77BCC38B-F90B-4612-9BC5-9E089656900F}"
EndProject
Project("{FAE04EC0-301F-11D3-BF4B-00C04F79EFBC}") = "Coworking.Api.Application", "Coworking.Api.Application\Coworking.Api.Application.csproj", "{B31BCBEE-E0EC-4137-B55D-51B33E9521A0}"
EndProject
Project("{FAE04EC0-301F-11D3-BF4B-00C04F79EFBC}") = "Coworking.Api.Application.Contracts", "Coworking.Api.Application.Contracts\Coworking.Api.Application.Contracts.csproj", "{654F6B47-7EC7-4662-8ACA-7E40B362D340}"
EndProject
Project("{2150E333-8FDC-42A3-9474-1A3956D46DE8}") = "1.3 Business", "1.3 Business", "{98698F9D-8C1D-40D4-B373-5E3804990519}"
EndProject
Project("{FAE04EC0-301F-11D3-BF4B-00C04F79EFBC}") = "Coworking.Api.Business", "Coworking.Api.Business\Coworking.Api.Business.csproj", "{ADA86BCA-AFF4-45FF-98BE-6527F421A04A}"
EndProject
Project("{2150E333-8FDC-42A3-9474-1A3956D46DE8}") = "1.4 DataAccess", "1.4 DataAccess", "{D52D80F7-7F24-4650-8628-87BBB3D753C0}"
EndProject
Project("{FAE04EC0-301F-11D3-BF4B-00C04F79EFBC}") = "Coworking.Api.DataAccess", "Coworking.Api.DataAccess\Coworking.Api.DataAccess.csproj", "{310D56A9-C0E7-4E57-8110-844FC06561DE}"
EndProject
Project("{FAE04EC0-301F-11D3-BF4B-00C04F79EFBC}") = "Coworking.Api.DataAccess.Contracts", "Coworking.Api.DataAccess.Contracts\Coworking.Api.DataAccess.Contracts.csproj", "{01CD15A9-EAAC-4855-A71F-610CE0C45F20}"
EndProject
Project("{2150E333-8FDC-42A3-9474-1A3956D46DE8}") = "1.5 Cross-Cutting", "1.5 Cross-Cutting", "{F418CB95-0111-4B19-946E-E05FB89F9FFC}"
EndProject
Project("{FAE04EC0-301F-11D3-BF4B-00C04F79EFBC}") = "Coworking.Api.CrossCutting", "Coworking.Api.CrossCutting\Coworking.Api.CrossCutting.csproj", "{C3A60908-D991-486E-AD2C-D36D7D228917}"
EndProject
Project("{2150E333-8FDC-42A3-9474-1A3956D46DE8}") = "Repositories", "Repositories", "{D2A6EAF5-7A51-4DC8-ACCC-3650A22DF0EA}"
EndProject
Project("{2150E333-8FDC-42A3-9474-1A3956D46DE8}") = "Mappers", "Mappers", "{96C52FEE-8C4A-4A4D-A68E-3FD8B0D83B72}"
EndProject
Project("{2150E333-8FDC-42A3-9474-1A3956D46DE8}") = "Models", "Models", "{34E7CB9B-F05B-42B0-8AEA-AE35AB7CA484}"
EndProject
Global
	GlobalSection(SolutionConfigurationPlatforms) = preSolution
		Debug|Any CPU = Debug|Any CPU
		Release|Any CPU = Release|Any CPU
	EndGlobalSection
	GlobalSection(ProjectConfigurationPlatforms) = postSolution
		{1BF0D52C-1A50-452E-BE2B-B2E718B619B4}.Debug|Any CPU.ActiveCfg = Debug|Any CPU
		{1BF0D52C-1A50-452E-BE2B-B2E718B619B4}.Debug|Any CPU.Build.0 = Debug|Any CPU
		{1BF0D52C-1A50-452E-BE2B-B2E718B619B4}.Release|Any CPU.ActiveCfg = Release|Any CPU
		{1BF0D52C-1A50-452E-BE2B-B2E718B619B4}.Release|Any CPU.Build.0 = Release|Any CPU
		{B31BCBEE-E0EC-4137-B55D-51B33E9521A0}.Debug|Any CPU.ActiveCfg = Debug|Any CPU
		{B31BCBEE-E0EC-4137-B55D-51B33E9521A0}.Debug|Any CPU.Build.0 = Debug|Any CPU
		{B31BCBEE-E0EC-4137-B55D-51B33E9521A0}.Release|Any CPU.ActiveCfg = Release|Any CPU
		{B31BCBEE-E0EC-4137-B55D-51B33E9521A0}.Release|Any CPU.Build.0 = Release|Any CPU
		{654F6B47-7EC7-4662-8ACA-7E40B362D340}.Debug|Any CPU.ActiveCfg = Debug|Any CPU
		{654F6B47-7EC7-4662-8ACA-7E40B362D340}.Debug|Any CPU.Build.0 = Debug|Any CPU
		{654F6B47-7EC7-4662-8ACA-7E40B362D340}.Release|Any CPU.ActiveCfg = Release|Any CPU
		{654F6B47-7EC7-4662-8ACA-7E40B362D340}.Release|Any CPU.Build.0 = Release|Any CPU
		{ADA86BCA-AFF4-45FF-98BE-6527F421A04A}.Debug|Any CPU.ActiveCfg = Debug|Any CPU
		{ADA86BCA-AFF4-45FF-98BE-6527F421A04A}.Debug|Any CPU.Build.0 = Debug|Any CPU
		{ADA86BCA-AFF4-45FF-98BE-6527F421A04A}.Release|Any CPU.ActiveCfg = Release|Any CPU
		{ADA86BCA-AFF4-45FF-98BE-6527F421A04A}.Release|Any CPU.Build.0 = Release|Any CPU
		{310D56A9-C0E7-4E57-8110-844FC06561DE}.Debug|Any CPU.ActiveCfg = Debug|Any CPU
		{310D56A9-C0E7-4E57-8110-844FC06561DE}.Debug|Any CPU.Build.0 = Debug|Any CPU
		{310D56A9-C0E7-4E57-8110-844FC06561DE}.Release|Any CPU.ActiveCfg = Release|Any CPU
		{310D56A9-C0E7-4E57-8110-844FC06561DE}.Release|Any CPU.Build.0 = Release|Any CPU
		{01CD15A9-EAAC-4855-A71F-610CE0C45F20}.Debug|Any CPU.ActiveCfg = Debug|Any CPU
		{01CD15A9-EAAC-4855-A71F-610CE0C45F20}.Debug|Any CPU.Build.0 = Debug|Any CPU
		{01CD15A9-EAAC-4855-A71F-610CE0C45F20}.Release|Any CPU.ActiveCfg = Release|Any CPU
		{01CD15A9-EAAC-4855-A71F-610CE0C45F20}.Release|Any CPU.Build.0 = Release|Any CPU
		{C3A60908-D991-486E-AD2C-D36D7D228917}.Debug|Any CPU.ActiveCfg = Debug|Any CPU
		{C3A60908-D991-486E-AD2C-D36D7D228917}.Debug|Any CPU.Build.0 = Debug|Any CPU
		{C3A60908-D991-486E-AD2C-D36D7D228917}.Release|Any CPU.ActiveCfg = Release|Any CPU
		{C3A60908-D991-486E-AD2C-D36D7D228917}.Release|Any CPU.Build.0 = Release|Any CPU
	EndGlobalSection
	GlobalSection(SolutionProperties) = preSolution
		HideSolutionNode = FALSE
	EndGlobalSection
	GlobalSection(NestedProjects) = preSolution
		{1BF0D52C-1A50-452E-BE2B-B2E718B619B4} = {7C067286-1446-4EED-9AE9-A1B30DFE86EA}
		{7C067286-1446-4EED-9AE9-A1B30DFE86EA} = {DB951205-59D1-4FBE-85EA-FB43F74304B6}
		{77BCC38B-F90B-4612-9BC5-9E089656900F} = {DB951205-59D1-4FBE-85EA-FB43F74304B6}
		{B31BCBEE-E0EC-4137-B55D-51B33E9521A0} = {77BCC38B-F90B-4612-9BC5-9E089656900F}
		{654F6B47-7EC7-4662-8ACA-7E40B362D340} = {77BCC38B-F90B-4612-9BC5-9E089656900F}
		{98698F9D-8C1D-40D4-B373-5E3804990519} = {DB951205-59D1-4FBE-85EA-FB43F74304B6}
		{ADA86BCA-AFF4-45FF-98BE-6527F421A04A} = {98698F9D-8C1D-40D4-B373-5E3804990519}
		{D52D80F7-7F24-4650-8628-87BBB3D753C0} = {DB951205-59D1-4FBE-85EA-FB43F74304B6}
		{310D56A9-C0E7-4E57-8110-844FC06561DE} = {D52D80F7-7F24-4650-8628-87BBB3D753C0}
		{01CD15A9-EAAC-4855-A71F-610CE0C45F20} = {D52D80F7-7F24-4650-8628-87BBB3D753C0}
		{F418CB95-0111-4B19-946E-E05FB89F9FFC} = {DB951205-59D1-4FBE-85EA-FB43F74304B6}
		{C3A60908-D991-486E-AD2C-D36D7D228917} = {F418CB95-0111-4B19-946E-E05FB89F9FFC}
		{D2A6EAF5-7A51-4DC8-ACCC-3650A22DF0EA} = {D52D80F7-7F24-4650-8628-87BBB3D753C0}
		{96C52FEE-8C4A-4A4D-A68E-3FD8B0D83B72} = {D52D80F7-7F24-4650-8628-87BBB3D753C0}
		{34E7CB9B-F05B-42B0-8AEA-AE35AB7CA484} = {98698F9D-8C1D-40D4-B373-5E3804990519}
	EndGlobalSection
	GlobalSection(ExtensibilityGlobals) = postSolution
		SolutionGuid = {7856E385-C653-4044-A7A9-00BA6317B600}
	EndGlobalSection
EndGlobal
